
Microsoft Visual Studio Solution File, Format Version 12.00
# Visual Studio 15
VisualStudioVersion = 15.0.26730.15
MinimumVisualStudioVersion = 10.0.40219.1
Project("{FAE04EC0-301F-11D3-BF4B-00C04F79EFBC}") = "BearingPlugin", "BearingPlugin\BearingPlugin.csproj", "{71E1DE57-DFFE-4270-96BD-E9A1ED2BFBB6}"
EndProject
Global
	GlobalSection(SolutionConfigurationPlatforms) = preSolution
		Debug|Any CPU = Debug|Any CPU
		Release|Any CPU = Release|Any CPU
	EndGlobalSection
	GlobalSection(ProjectConfigurationPlatforms) = postSolution
		{71E1DE57-DFFE-4270-96BD-E9A1ED2BFBB6}.Debug|Any CPU.ActiveCfg = Debug|Any CPU
		{71E1DE57-DFFE-4270-96BD-E9A1ED2BFBB6}.Debug|Any CPU.Build.0 = Debug|Any CPU
		{71E1DE57-DFFE-4270-96BD-E9A1ED2BFBB6}.Release|Any CPU.ActiveCfg = Release|Any CPU
		{71E1DE57-DFFE-4270-96BD-E9A1ED2BFBB6}.Release|Any CPU.Build.0 = Release|Any CPU
	EndGlobalSection
	GlobalSection(SolutionProperties) = preSolution
		HideSolutionNode = FALSE
	EndGlobalSection
	GlobalSection(ExtensibilityGlobals) = postSolution
		SolutionGuid = {FF8E1816-AD62-4B74-866F-2A3D5025DFF7}
	EndGlobalSection
EndGlobal
